
Microsoft Visual Studio Solution File, Format Version 12.00
# Visual Studio Version 16
VisualStudioVersion = 16.0.33920.266
MinimumVisualStudioVersion = 10.0.40219.1
Project("{FAE04EC0-301F-11D3-BF4B-00C04F79EFBC}") = "Calling-Methods-Assignment", "Calling-Methods-Assignment\Calling-Methods-Assignment.csproj", "{40AD210C-7834-444B-B41D-8308FD402C65}"
EndProject
Global
	GlobalSection(SolutionConfigurationPlatforms) = preSolution
		Debug|Any CPU = Debug|Any CPU
		Release|Any CPU = Release|Any CPU
	EndGlobalSection
	GlobalSection(ProjectConfigurationPlatforms) = postSolution
		{40AD210C-7834-444B-B41D-8308FD402C65}.Debug|Any CPU.ActiveCfg = Debug|Any CPU
		{40AD210C-7834-444B-B41D-8308FD402C65}.Debug|Any CPU.Build.0 = Debug|Any CPU
		{40AD210C-7834-444B-B41D-8308FD402C65}.Release|Any CPU.ActiveCfg = Release|Any CPU
		{40AD210C-7834-444B-B41D-8308FD402C65}.Release|Any CPU.Build.0 = Release|Any CPU
	EndGlobalSection
	GlobalSection(SolutionProperties) = preSolution
		HideSolutionNode = FALSE
	EndGlobalSection
	GlobalSection(ExtensibilityGlobals) = postSolution
		SolutionGuid = {1D04803F-9CBA-46EB-B4A1-EA09040F9B03}
	EndGlobalSection
EndGlobal
