
Microsoft Visual Studio Solution File, Format Version 12.00
# Visual Studio Version 16
VisualStudioVersion = 16.0.33920.266
MinimumVisualStudioVersion = 10.0.40219.1
Project("{FAE04EC0-301F-11D3-BF4B-00C04F79EFBC}") = "Iterations", "Iterations\Iterations.csproj", "{D47D45E2-8773-41EF-80EF-DC383967FBFD}"
EndProject
Global
	GlobalSection(SolutionConfigurationPlatforms) = preSolution
		Debug|Any CPU = Debug|Any CPU
		Release|Any CPU = Release|Any CPU
	EndGlobalSection
	GlobalSection(ProjectConfigurationPlatforms) = postSolution
		{D47D45E2-8773-41EF-80EF-DC383967FBFD}.Debug|Any CPU.ActiveCfg = Debug|Any CPU
		{D47D45E2-8773-41EF-80EF-DC383967FBFD}.Debug|Any CPU.Build.0 = Debug|Any CPU
		{D47D45E2-8773-41EF-80EF-DC383967FBFD}.Release|Any CPU.ActiveCfg = Release|Any CPU
		{D47D45E2-8773-41EF-80EF-DC383967FBFD}.Release|Any CPU.Build.0 = Release|Any CPU
	EndGlobalSection
	GlobalSection(SolutionProperties) = preSolution
		HideSolutionNode = FALSE
	EndGlobalSection
	GlobalSection(ExtensibilityGlobals) = postSolution
		SolutionGuid = {014AF716-84D5-4F59-81A4-81705A3FDEE1}
	EndGlobalSection
EndGlobal
